// !$*UTF8*$!
{
	archiveVersion = 1;
	classes = {
	};
	objectVersion = 46;
	objects = {

/* Begin PBXBuildFile section */
		4BF1DC451AD61E1C00541BA6 /* main.m in Sources */ = {isa = PBXBuildFile; fileRef = 4BF1DC441AD61E1C00541BA6 /* main.m */; };
		4BF1DC481AD61E1C00541BA6 /* AppDelegate.m in Sources */ = {isa = PBXBuildFile; fileRef = 4BF1DC471AD61E1C00541BA6 /* AppDelegate.m */; };
		4BF1DC4B1AD61E1C00541BA6 /* applePage.xcdatamodeld in Sources */ = {isa = PBXBuildFile; fileRef = 4BF1DC491AD61E1C00541BA6 /* applePage.xcdatamodeld */; };
		4BF1DC4E1AD61E1C00541BA6 /* ViewController.m in Sources */ = {isa = PBXBuildFile; fileRef = 4BF1DC4D1AD61E1C00541BA6 /* ViewController.m */; };
		4BF1DC511AD61E1C00541BA6 /* Main.storyboard in Resources */ = {isa = PBXBuildFile; fileRef = 4BF1DC4F1AD61E1C00541BA6 /* Main.storyboard */; };
		4BF1DC531AD61E1C00541BA6 /* Images.xcassets in Resources */ = {isa = PBXBuildFile; fileRef = 4BF1DC521AD61E1C00541BA6 /* Images.xcassets */; };
		4BF1DC561AD61E1C00541BA6 /* LaunchScreen.xib in Resources */ = {isa = PBXBuildFile; fileRef = 4BF1DC541AD61E1C00541BA6 /* LaunchScreen.xib */; };
		4BF1DC621AD61E1C00541BA6 /* applePageTests.m in Sources */ = {isa = PBXBuildFile; fileRef = 4BF1DC611AD61E1C00541BA6 /* applePageTests.m */; };
		4BF1DC701AD61E8200541BA6 /* pdf.storyboard in Resources */ = {isa = PBXBuildFile; fileRef = 4BF1DC6F1AD61E8200541BA6 /* pdf.storyboard */; };
		4BF1DC7B1AD61E9E00541BA6 /* DataViewController.m in Sources */ = {isa = PBXBuildFile; fileRef = 4BF1DC721AD61E9E00541BA6 /* DataViewController.m */; };
		4BF1DC7C1AD61E9E00541BA6 /* ModelController.m in Sources */ = {isa = PBXBuildFile; fileRef = 4BF1DC741AD61E9E00541BA6 /* ModelController.m */; };
		4BF1DC7D1AD61E9E00541BA6 /* PDFScrollView.m in Sources */ = {isa = PBXBuildFile; fileRef = 4BF1DC761AD61E9E00541BA6 /* PDFScrollView.m */; };
		4BF1DC7E1AD61E9E00541BA6 /* RootViewController.m in Sources */ = {isa = PBXBuildFile; fileRef = 4BF1DC781AD61E9E00541BA6 /* RootViewController.m */; };
		4BF1DC7F1AD61E9E00541BA6 /* TiledPDFView.m in Sources */ = {isa = PBXBuildFile; fileRef = 4BF1DC7A1AD61E9E00541BA6 /* TiledPDFView.m */; };
		4BF1DC811AD621E900541BA6 /* input_pdf.pdf in Resources */ = {isa = PBXBuildFile; fileRef = 4BF1DC801AD621E900541BA6 /* input_pdf.pdf */; };
/* End PBXBuildFile section */

/* Begin PBXContainerItemProxy section */
		4BF1DC5C1AD61E1C00541BA6 /* PBXContainerItemProxy */ = {
			isa = PBXContainerItemProxy;
			containerPortal = 4BF1DC371AD61E1C00541BA6 /* Project object */;
			proxyType = 1;
			remoteGlobalIDString = 4BF1DC3E1AD61E1C00541BA6;
			remoteInfo = applePage;
		};
/* End PBXContainerItemProxy section */

/* Begin PBXFileReference section */
		4BF1DC3F1AD61E1C00541BA6 /* applePage.app */ = {isa = PBXFileReference; explicitFileType = wrapper.application; includeInIndex = 0; path = applePage.app; sourceTree = BUILT_PRODUCTS_DIR; };
		4BF1DC431AD61E1C00541BA6 /* Info.plist */ = {isa = PBXFileReference; lastKnownFileType = text.plist.xml; path = Info.plist; sourceTree = "<group>"; };
		4BF1DC441AD61E1C00541BA6 /* main.m */ = {isa = PBXFileReference; lastKnownFileType = sourcecode.c.objc; path = main.m; sourceTree = "<group>"; };
		4BF1DC461AD61E1C00541BA6 /* AppDelegate.h */ = {isa = PBXFileReference; lastKnownFileType = sourcecode.c.h; path = AppDelegate.h; sourceTree = "<group>"; };
		4BF1DC471AD61E1C00541BA6 /* AppDelegate.m */ = {isa = PBXFileReference; lastKnownFileType = sourcecode.c.objc; path = AppDelegate.m; sourceTree = "<group>"; };
		4BF1DC4A1AD61E1C00541BA6 /* applePage.xcdatamodel */ = {isa = PBXFileReference; lastKnownFileType = wrapper.xcdatamodel; path = applePage.xcdatamodel; sourceTree = "<group>"; };
		4BF1DC4C1AD61E1C00541BA6 /* ViewController.h */ = {isa = PBXFileReference; lastKnownFileType = sourcecode.c.h; path = ViewController.h; sourceTree = "<group>"; };
		4BF1DC4D1AD61E1C00541BA6 /* ViewController.m */ = {isa = PBXFileReference; lastKnownFileType = sourcecode.c.objc; path = ViewController.m; sourceTree = "<group>"; };
		4BF1DC501AD61E1C00541BA6 /* Base */ = {isa = PBXFileReference; lastKnownFileType = file.storyboard; name = Base; path = Base.lproj/Main.storyboard; sourceTree = "<group>"; };
		4BF1DC521AD61E1C00541BA6 /* Images.xcassets */ = {isa = PBXFileReference; lastKnownFileType = folder.assetcatalog; path = Images.xcassets; sourceTree = "<group>"; };
		4BF1DC551AD61E1C00541BA6 /* Base */ = {isa = PBXFileReference; lastKnownFileType = file.xib; name = Base; path = Base.lproj/LaunchScreen.xib; sourceTree = "<group>"; };
		4BF1DC5B1AD61E1C00541BA6 /* applePageTests.xctest */ = {isa = PBXFileReference; explicitFileType = wrapper.cfbundle; includeInIndex = 0; path = applePageTests.xctest; sourceTree = BUILT_PRODUCTS_DIR; };
		4BF1DC601AD61E1C00541BA6 /* Info.plist */ = {isa = PBXFileReference; lastKnownFileType = text.plist.xml; path = Info.plist; sourceTree = "<group>"; };
		4BF1DC611AD61E1C00541BA6 /* applePageTests.m */ = {isa = PBXFileReference; lastKnownFileType = sourcecode.c.objc; path = applePageTests.m; sourceTree = "<group>"; };
		4BF1DC6F1AD61E8200541BA6 /* pdf.storyboard */ = {isa = PBXFileReference; fileEncoding = 4; lastKnownFileType = file.storyboard; path = pdf.storyboard; sourceTree = "<group>"; };
		4BF1DC711AD61E9E00541BA6 /* DataViewController.h */ = {isa = PBXFileReference; fileEncoding = 4; lastKnownFileType = sourcecode.c.h; path = DataViewController.h; sourceTree = "<group>"; };
		4BF1DC721AD61E9E00541BA6 /* DataViewController.m */ = {isa = PBXFileReference; fileEncoding = 4; lastKnownFileType = sourcecode.c.objc; path = DataViewController.m; sourceTree = "<group>"; };
		4BF1DC731AD61E9E00541BA6 /* ModelController.h */ = {isa = PBXFileReference; fileEncoding = 4; lastKnownFileType = sourcecode.c.h; path = ModelController.h; sourceTree = "<group>"; };
		4BF1DC741AD61E9E00541BA6 /* ModelController.m */ = {isa = PBXFileReference; fileEncoding = 4; lastKnownFileType = sourcecode.c.objc; path = ModelController.m; sourceTree = "<group>"; };
		4BF1DC751AD61E9E00541BA6 /* PDFScrollView.h */ = {isa = PBXFileReference; fileEncoding = 4; lastKnownFileType = sourcecode.c.h; path = PDFScrollView.h; sourceTree = "<group>"; };
		4BF1DC761AD61E9E00541BA6 /* PDFScrollView.m */ = {isa = PBXFileReference; fileEncoding = 4; lastKnownFileType = sourcecode.c.objc; path = PDFScrollView.m; sourceTree = "<group>"; };
		4BF1DC771AD61E9E00541BA6 /* RootViewController.h */ = {isa = PBXFileReference; fileEncoding = 4; lastKnownFileType = sourcecode.c.h; path = RootViewController.h; sourceTree = "<group>"; };
		4BF1DC781AD61E9E00541BA6 /* RootViewController.m */ = {isa = PBXFileReference; fileEncoding = 4; lastKnownFileType = sourcecode.c.objc; path = RootViewController.m; sourceTree = "<group>"; };
		4BF1DC791AD61E9E00541BA6 /* TiledPDFView.h */ = {isa = PBXFileReference; fileEncoding = 4; lastKnownFileType = sourcecode.c.h; path = TiledPDFView.h; sourceTree = "<group>"; };
		4BF1DC7A1AD61E9E00541BA6 /* TiledPDFView.m */ = {isa = PBXFileReference; fileEncoding = 4; lastKnownFileType = sourcecode.c.objc; path = TiledPDFView.m; sourceTree = "<group>"; };
		4BF1DC801AD621E900541BA6 /* input_pdf.pdf */ = {isa = PBXFileReference; lastKnownFileType = image.pdf; path = input_pdf.pdf; sourceTree = "<group>"; };
/* End PBXFileReference section */

/* Begin PBXFrameworksBuildPhase section */
		4BF1DC3C1AD61E1C00541BA6 /* Frameworks */ = {
			isa = PBXFrameworksBuildPhase;
			buildActionMask = 2147483647;
			files = (
			);
			runOnlyForDeploymentPostprocessing = 0;
		};
		4BF1DC581AD61E1C00541BA6 /* Frameworks */ = {
			isa = PBXFrameworksBuildPhase;
			buildActionMask = 2147483647;
			files = (
			);
			runOnlyForDeploymentPostprocessing = 0;
		};
/* End PBXFrameworksBuildPhase section */

/* Begin PBXGroup section */
		4BF1DC361AD61E1C00541BA6 = {
			isa = PBXGroup;
			children = (
				4BF1DC411AD61E1C00541BA6 /* applePage */,
				4BF1DC5E1AD61E1C00541BA6 /* applePageTests */,
				4BF1DC401AD61E1C00541BA6 /* Products */,
			);
			sourceTree = "<group>";
		};
		4BF1DC401AD61E1C00541BA6 /* Products */ = {
			isa = PBXGroup;
			children = (
				4BF1DC3F1AD61E1C00541BA6 /* applePage.app */,
				4BF1DC5B1AD61E1C00541BA6 /* applePageTests.xctest */,
			);
			name = Products;
			sourceTree = "<group>";
		};
		4BF1DC411AD61E1C00541BA6 /* applePage */ = {
			isa = PBXGroup;
			children = (
				4BF1DC801AD621E900541BA6 /* input_pdf.pdf */,
				4BF1DC6E1AD61E8200541BA6 /* pdf */,
				4BF1DC461AD61E1C00541BA6 /* AppDelegate.h */,
				4BF1DC471AD61E1C00541BA6 /* AppDelegate.m */,
				4BF1DC4C1AD61E1C00541BA6 /* ViewController.h */,
				4BF1DC4D1AD61E1C00541BA6 /* ViewController.m */,
				4BF1DC4F1AD61E1C00541BA6 /* Main.storyboard */,
				4BF1DC521AD61E1C00541BA6 /* Images.xcassets */,
				4BF1DC541AD61E1C00541BA6 /* LaunchScreen.xib */,
				4BF1DC491AD61E1C00541BA6 /* applePage.xcdatamodeld */,
				4BF1DC421AD61E1C00541BA6 /* Supporting Files */,
			);
			path = applePage;
			sourceTree = "<group>";
		};
		4BF1DC421AD61E1C00541BA6 /* Supporting Files */ = {
			isa = PBXGroup;
			children = (
				4BF1DC431AD61E1C00541BA6 /* Info.plist */,
				4BF1DC441AD61E1C00541BA6 /* main.m */,
			);
			name = "Supporting Files";
			sourceTree = "<group>";
		};
		4BF1DC5E1AD61E1C00541BA6 /* applePageTests */ = {
			isa = PBXGroup;
			children = (
				4BF1DC611AD61E1C00541BA6 /* applePageTests.m */,
				4BF1DC5F1AD61E1C00541BA6 /* Supporting Files */,
			);
			path = applePageTests;
			sourceTree = "<group>";
		};
		4BF1DC5F1AD61E1C00541BA6 /* Supporting Files */ = {
			isa = PBXGroup;
			children = (
				4BF1DC601AD61E1C00541BA6 /* Info.plist */,
			);
			name = "Supporting Files";
			sourceTree = "<group>";
		};
		4BF1DC6E1AD61E8200541BA6 /* pdf */ = {
			isa = PBXGroup;
			children = (
				4BF1DC711AD61E9E00541BA6 /* DataViewController.h */,
				4BF1DC721AD61E9E00541BA6 /* DataViewController.m */,
				4BF1DC731AD61E9E00541BA6 /* ModelController.h */,
				4BF1DC741AD61E9E00541BA6 /* ModelController.m */,
				4BF1DC751AD61E9E00541BA6 /* PDFScrollView.h */,
				4BF1DC761AD61E9E00541BA6 /* PDFScrollView.m */,
				4BF1DC771AD61E9E00541BA6 /* RootViewController.h */,
				4BF1DC781AD61E9E00541BA6 /* RootViewController.m */,
				4BF1DC791AD61E9E00541BA6 /* TiledPDFView.h */,
				4BF1DC7A1AD61E9E00541BA6 /* TiledPDFView.m */,
				4BF1DC6F1AD61E8200541BA6 /* pdf.storyboard */,
			);
			path = pdf;
			sourceTree = "<group>";
		};
/* End PBXGroup section */

/* Begin PBXNativeTarget section */
		4BF1DC3E1AD61E1C00541BA6 /* applePage */ = {
			isa = PBXNativeTarget;
			buildConfigurationList = 4BF1DC651AD61E1C00541BA6 /* Build configuration list for PBXNativeTarget "applePage" */;
			buildPhases = (
				4BF1DC3B1AD61E1C00541BA6 /* Sources */,
				4BF1DC3C1AD61E1C00541BA6 /* Frameworks */,
				4BF1DC3D1AD61E1C00541BA6 /* Resources */,
			);
			buildRules = (
			);
			dependencies = (
			);
			name = applePage;
			productName = applePage;
			productReference = 4BF1DC3F1AD61E1C00541BA6 /* applePage.app */;
			productType = "com.apple.product-type.application";
		};
		4BF1DC5A1AD61E1C00541BA6 /* applePageTests */ = {
			isa = PBXNativeTarget;
			buildConfigurationList = 4BF1DC681AD61E1C00541BA6 /* Build configuration list for PBXNativeTarget "applePageTests" */;
			buildPhases = (
				4BF1DC571AD61E1C00541BA6 /* Sources */,
				4BF1DC581AD61E1C00541BA6 /* Frameworks */,
				4BF1DC591AD61E1C00541BA6 /* Resources */,
			);
			buildRules = (
			);
			dependencies = (
				4BF1DC5D1AD61E1C00541BA6 /* PBXTargetDependency */,
			);
			name = applePageTests;
			productName = applePageTests;
			productReference = 4BF1DC5B1AD61E1C00541BA6 /* applePageTests.xctest */;
			productType = "com.apple.product-type.bundle.unit-test";
		};
/* End PBXNativeTarget section */

/* Begin PBXProject section */
		4BF1DC371AD61E1C00541BA6 /* Project object */ = {
			isa = PBXProject;
			attributes = {
				LastUpgradeCheck = 0610;
				ORGANIZATIONNAME = liyufeng;
				TargetAttributes = {
					4BF1DC3E1AD61E1C00541BA6 = {
						CreatedOnToolsVersion = 6.1.1;
					};
					4BF1DC5A1AD61E1C00541BA6 = {
						CreatedOnToolsVersion = 6.1.1;
						TestTargetID = 4BF1DC3E1AD61E1C00541BA6;
					};
				};
			};
			buildConfigurationList = 4BF1DC3A1AD61E1C00541BA6 /* Build configuration list for PBXProject "applePage" */;
			compatibilityVersion = "Xcode 3.2";
			developmentRegion = English;
			hasScannedForEncodings = 0;
			knownRegions = (
				en,
				Base,
			);
			mainGroup = 4BF1DC361AD61E1C00541BA6;
			productRefGroup = 4BF1DC401AD61E1C00541BA6 /* Products */;
			projectDirPath = "";
			projectRoot = "";
			targets = (
				4BF1DC3E1AD61E1C00541BA6 /* applePage */,
				4BF1DC5A1AD61E1C00541BA6 /* applePageTests */,
			);
		};
/* End PBXProject section */

/* Begin PBXResourcesBuildPhase section */
		4BF1DC3D1AD61E1C00541BA6 /* Resources */ = {
			isa = PBXResourcesBuildPhase;
			buildActionMask = 2147483647;
			files = (
				4BF1DC511AD61E1C00541BA6 /* Main.storyboard in Resources */,
				4BF1DC811AD621E900541BA6 /* input_pdf.pdf in Resources */,
				4BF1DC561AD61E1C00541BA6 /* LaunchScreen.xib in Resources */,
				4BF1DC531AD61E1C00541BA6 /* Images.xcassets in Resources */,
				4BF1DC701AD61E8200541BA6 /* pdf.storyboard in Resources */,
			);
			runOnlyForDeploymentPostprocessing = 0;
		};
		4BF1DC591AD61E1C00541BA6 /* Resources */ = {
			isa = PBXResourcesBuildPhase;
			buildActionMask = 2147483647;
			files = (
			);
			runOnlyForDeploymentPostprocessing = 0;
		};
/* End PBXResourcesBuildPhase section */

/* Begin PBXSourcesBuildPhase section */
		4BF1DC3B1AD61E1C00541BA6 /* Sources */ = {
			isa = PBXSourcesBuildPhase;
			buildActionMask = 2147483647;
			files = (
				4BF1DC4B1AD61E1C00541BA6 /* applePage.xcdatamodeld in Sources */,
				4BF1DC7D1AD61E9E00541BA6 /* PDFScrollView.m in Sources */,
				4BF1DC7E1AD61E9E00541BA6 /* RootViewController.m in Sources */,
				4BF1DC7F1AD61E9E00541BA6 /* TiledPDFView.m in Sources */,
				4BF1DC481AD61E1C00541BA6 /* AppDelegate.m in Sources */,
				4BF1DC4E1AD61E1C00541BA6 /* ViewController.m in Sources */,
				4BF1DC7C1AD61E9E00541BA6 /* ModelController.m in Sources */,
				4BF1DC451AD61E1C00541BA6 /* main.m in Sources */,
				4BF1DC7B1AD61E9E00541BA6 /* DataViewController.m in Sources */,
			);
			runOnlyForDeploymentPostprocessing = 0;
		};
		4BF1DC571AD61E1C00541BA6 /* Sources */ = {
			isa = PBXSourcesBuildPhase;
			buildActionMask = 2147483647;
			files = (
				4BF1DC621AD61E1C00541BA6 /* applePageTests.m in Sources */,
			);
			runOnlyForDeploymentPostprocessing = 0;
		};
/* End PBXSourcesBuildPhase section */

/* Begin PBXTargetDependency section */
		4BF1DC5D1AD61E1C00541BA6 /* PBXTargetDependency */ = {
			isa = PBXTargetDependency;
			target = 4BF1DC3E1AD61E1C00541BA6 /* applePage */;
			targetProxy = 4BF1DC5C1AD61E1C00541BA6 /* PBXContainerItemProxy */;
		};
/* End PBXTargetDependency section */

/* Begin PBXVariantGroup section */
		4BF1DC4F1AD61E1C00541BA6 /* Main.storyboard */ = {
			isa = PBXVariantGroup;
			children = (
				4BF1DC501AD61E1C00541BA6 /* Base */,
			);
			name = Main.storyboard;
			sourceTree = "<group>";
		};
		4BF1DC541AD61E1C00541BA6 /* LaunchScreen.xib */ = {
			isa = PBXVariantGroup;
			children = (
				4BF1DC551AD61E1C00541BA6 /* Base */,
			);
			name = LaunchScreen.xib;
			sourceTree = "<group>";
		};
/* End PBXVariantGroup section */

/* Begin XCBuildConfiguration section */
		4BF1DC631AD61E1C00541BA6 /* Debug */ = {
			isa = XCBuildConfiguration;
			buildSettings = {
				ALWAYS_SEARCH_USER_PATHS = NO;
				CLANG_CXX_LANGUAGE_STANDARD = "gnu++0x";
				CLANG_CXX_LIBRARY = "libc++";
				CLANG_ENABLE_MODULES = YES;
				CLANG_ENABLE_OBJC_ARC = YES;
				CLANG_WARN_BOOL_CONVERSION = YES;
				CLANG_WARN_CONSTANT_CONVERSION = YES;
				CLANG_WARN_DIRECT_OBJC_ISA_USAGE = YES_ERROR;
				CLANG_WARN_EMPTY_BODY = YES;
				CLANG_WARN_ENUM_CONVERSION = YES;
				CLANG_WARN_INT_CONVERSION = YES;
				CLANG_WARN_OBJC_ROOT_CLASS = YES_ERROR;
				CLANG_WARN_UNREACHABLE_CODE = YES;
				CLANG_WARN__DUPLICATE_METHOD_MATCH = YES;
				"CODE_SIGN_IDENTITY[sdk=iphoneos*]" = "iPhone Developer";
				COPY_PHASE_STRIP = NO;
				ENABLE_STRICT_OBJC_MSGSEND = YES;
				GCC_C_LANGUAGE_STANDARD = gnu99;
				GCC_DYNAMIC_NO_PIC = NO;
				GCC_OPTIMIZATION_LEVEL = 0;
				GCC_PREPROCESSOR_DEFINITIONS = (
					"DEBUG=1",
					"$(inherited)",
				);
				GCC_SYMBOLS_PRIVATE_EXTERN = NO;
				GCC_WARN_64_TO_32_BIT_CONVERSION = YES;
				GCC_WARN_ABOUT_RETURN_TYPE = YES_ERROR;
				GCC_WARN_UNDECLARED_SELECTOR = YES;
				GCC_WARN_UNINITIALIZED_AUTOS = YES_AGGRESSIVE;
				GCC_WARN_UNUSED_FUNCTION = YES;
				GCC_WARN_UNUSED_VARIABLE = YES;
				IPHONEOS_DEPLOYMENT_TARGET = 8.1;
				MTL_ENABLE_DEBUG_INFO = YES;
				ONLY_ACTIVE_ARCH = YES;
				SDKROOT = iphoneos;
				TARGETED_DEVICE_FAMILY = "1,2";
			};
			name = Debug;
		};
		4BF1DC641AD61E1C00541BA6 /* Release */ = {
			isa = XCBuildConfiguration;
			buildSettings = {
				ALWAYS_SEARCH_USER_PATHS = NO;
				CLANG_CXX_LANGUAGE_STANDARD = "gnu++0x";
				CLANG_CXX_LIBRARY = "libc++";
				CLANG_ENABLE_MODULES = YES;
				CLANG_ENABLE_OBJC_ARC = YES;
				CLANG_WARN_BOOL_CONVERSION = YES;
				CLANG_WARN_CONSTANT_CONVERSION = YES;
				CLANG_WARN_DIRECT_OBJC_ISA_USAGE = YES_ERROR;
				CLANG_WARN_EMPTY_BODY = YES;
				CLANG_WARN_ENUM_CONVERSION = YES;
				CLANG_WARN_INT_CONVERSION = YES;
				CLANG_WARN_OBJC_ROOT_CLASS = YES_ERROR;
				CLANG_WARN_UNREACHABLE_CODE = YES;
				CLANG_WARN__DUPLICATE_METHOD_MATCH = YES;
				"CODE_SIGN_IDENTITY[sdk=iphoneos*]" = "iPhone Developer";
				COPY_PHASE_STRIP = YES;
				ENABLE_NS_ASSERTIONS = NO;
				ENABLE_STRICT_OBJC_MSGSEND = YES;
				GCC_C_LANGUAGE_STANDARD = gnu99;
				GCC_WARN_64_TO_32_BIT_CONVERSION = YES;
				GCC_WARN_ABOUT_RETURN_TYPE = YES_ERROR;
				GCC_WARN_UNDECLARED_SELECTOR = YES;
				GCC_WARN_UNINITIALIZED_AUTOS = YES_AGGRESSIVE;
				GCC_WARN_UNUSED_FUNCTION = YES;
				GCC_WARN_UNUSED_VARIABLE = YES;
				IPHONEOS_DEPLOYMENT_TARGET = 8.1;
				MTL_ENABLE_DEBUG_INFO = NO;
				SDKROOT = iphoneos;
				TARGETED_DEVICE_FAMILY = "1,2";
				VALIDATE_PRODUCT = YES;
			};
			name = Release;
		};
		4BF1DC661AD61E1C00541BA6 /* Debug */ = {
			isa = XCBuildConfiguration;
			buildSettings = {
				ASSETCATALOG_COMPILER_APPICON_NAME = AppIcon;
				INFOPLIST_FILE = applePage/Info.plist;
				LD_RUNPATH_SEARCH_PATHS = "$(inherited) @executable_path/Frameworks";
				PRODUCT_NAME = "$(TARGET_NAME)";
				PROVISIONING_PROFILE = "d9f95bde-9a7f-4cfc-8f6f-1d09765e9724";
			};
			name = Debug;
		};
		4BF1DC671AD61E1C00541BA6 /* Release */ = {
			isa = XCBuildConfiguration;
			buildSettings = {
				ASSETCATALOG_COMPILER_APPICON_NAME = AppIcon;
				INFOPLIST_FILE = applePage/Info.plist;
				LD_RUNPATH_SEARCH_PATHS = "$(inherited) @executable_path/Frameworks";
				PRODUCT_NAME = "$(TARGET_NAME)";
				PROVISIONING_PROFILE = "d9f95bde-9a7f-4cfc-8f6f-1d09765e9724";
			};
			name = Release;
		};
		4BF1DC691AD61E1C00541BA6 /* Debug */ = {
			isa = XCBuildConfiguration;
			buildSettings = {
				BUNDLE_LOADER = "$(TEST_HOST)";
				FRAMEWORK_SEARCH_PATHS = (
					"$(SDKROOT)/Developer/Library/Frameworks",
					"$(inherited)",
				);
				GCC_PREPROCESSOR_DEFINITIONS = (
					"DEBUG=1",
					"$(inherited)",
				);
				INFOPLIST_FILE = applePageTests/Info.plist;
				LD_RUNPATH_SEARCH_PATHS = "$(inherited) @executable_path/Frameworks @loader_path/Frameworks";
				PRODUCT_NAME = "$(TARGET_NAME)";
				TEST_HOST = "$(BUILT_PRODUCTS_DIR)/applePage.app/applePage";
			};
			name = Debug;
		};
		4BF1DC6A1AD61E1C00541BA6 /* Release */ = {
			isa = XCBuildConfiguration;
			buildSettings = {
				BUNDLE_LOADER = "$(TEST_HOST)";
				FRAMEWORK_SEARCH_PATHS = (
					"$(SDKROOT)/Developer/Library/Frameworks",
					"$(inherited)",
				);
				INFOPLIST_FILE = applePageTests/Info.plist;
				LD_RUNPATH_SEARCH_PATHS = "$(inherited) @executable_path/Frameworks @loader_path/Frameworks";
				PRODUCT_NAME = "$(TARGET_NAME)";
				TEST_HOST = "$(BUILT_PRODUCTS_DIR)/applePage.app/applePage";
			};
			name = Release;
		};
/* End XCBuildConfiguration section */

/* Begin XCConfigurationList section */
		4BF1DC3A1AD61E1C00541BA6 /* Build configuration list for PBXProject "applePage" */ = {
			isa = XCConfigurationList;
			buildConfigurations = (
				4BF1DC631AD61E1C00541BA6 /* Debug */,
				4BF1DC641AD61E1C00541BA6 /* Release */,
			);
			defaultConfigurationIsVisible = 0;
			defaultConfigurationName = Release;
		};
		4BF1DC651AD61E1C00541BA6 /* Build configuration list for PBXNativeTarget "applePage" */ = {
			isa = XCConfigurationList;
			buildConfigurations = (
				4BF1DC661AD61E1C00541BA6 /* Debug */,
				4BF1DC671AD61E1C00541BA6 /* Release */,
			);
			defaultConfigurationIsVisible = 0;
		};
		4BF1DC681AD61E1C00541BA6 /* Build configuration list for PBXNativeTarget "applePageTests" */ = {
			isa = XCConfigurationList;
			buildConfigurations = (
				4BF1DC691AD61E1C00541BA6 /* Debug */,
				4BF1DC6A1AD61E1C00541BA6 /* Release */,
			);
			defaultConfigurationIsVisible = 0;
		};
/* End XCConfigurationList section */

/* Begin XCVersionGroup section */
		4BF1DC491AD61E1C00541BA6 /* applePage.xcdatamodeld */ = {
			isa = XCVersionGroup;
			children = (
				4BF1DC4A1AD61E1C00541BA6 /* applePage.xcdatamodel */,
			);
			currentVersion = 4BF1DC4A1AD61E1C00541BA6 /* applePage.xcdatamodel */;
			path = applePage.xcdatamodeld;
			sourceTree = "<group>";
			versionGroupType = wrapper.xcdatamodel;
		};
/* End XCVersionGroup section */
	};
	rootObject = 4BF1DC371AD61E1C00541BA6 /* Project object */;
}
